
Microsoft Visual Studio Solution File, Format Version 12.00
# Visual Studio Version 17
VisualStudioVersion = 17.7.33711.374
MinimumVisualStudioVersion = 10.0.40219.1
Project("{9A19103F-16F7-4668-BE54-9A1E7A4F7556}") = "Adr", "Adr\Adr.csproj", "{74F6E6F7-91D3-4F54-8C30-A70D7E959765}"
EndProject
Project("{2150E333-8FDC-42A3-9474-1A3956D46DE8}") = "Solution Items", "Solution Items", "{7EDD113B-F990-4FA2-AD62-87AD2AFFC4C7}"
	ProjectSection(SolutionItems) = preProject
		.editorconfig = .editorconfig
		.gitignore = .gitignore
	EndProjectSection
EndProject
Global
	GlobalSection(SolutionConfigurationPlatforms) = preSolution
		Debug|Any CPU = Debug|Any CPU
		Release|Any CPU = Release|Any CPU
	EndGlobalSection
	GlobalSection(ProjectConfigurationPlatforms) = postSolution
		{74F6E6F7-91D3-4F54-8C30-A70D7E959765}.Debug|Any CPU.ActiveCfg = Debug|Any CPU
		{74F6E6F7-91D3-4F54-8C30-A70D7E959765}.Debug|Any CPU.Build.0 = Debug|Any CPU
		{74F6E6F7-91D3-4F54-8C30-A70D7E959765}.Release|Any CPU.ActiveCfg = Release|Any CPU
		{74F6E6F7-91D3-4F54-8C30-A70D7E959765}.Release|Any CPU.Build.0 = Release|Any CPU
	EndGlobalSection
	GlobalSection(SolutionProperties) = preSolution
		HideSolutionNode = FALSE
	EndGlobalSection
	GlobalSection(ExtensibilityGlobals) = postSolution
		SolutionGuid = {BEBA5EF8-7434-41A6-A948-D917A62F9126}
	EndGlobalSection
EndGlobal
